
Microsoft Visual Studio Solution File, Format Version 12.00
# Visual Studio Version 16
VisualStudioVersion = 16.0.30621.155
MinimumVisualStudioVersion = 10.0.40219.1
Project("{FAE04EC0-301F-11D3-BF4B-00C04F79EFBC}") = "ConsoleApp6", "ConsoleApp6.csproj", "{C4680E51-A1AC-46C7-B11B-FDD2DEE2D78A}"
EndProject
Global
	GlobalSection(SolutionConfigurationPlatforms) = preSolution
		Debug|Any CPU = Debug|Any CPU
		Release|Any CPU = Release|Any CPU
	EndGlobalSection
	GlobalSection(ProjectConfigurationPlatforms) = postSolution
		{C4680E51-A1AC-46C7-B11B-FDD2DEE2D78A}.Debug|Any CPU.ActiveCfg = Debug|Any CPU
		{C4680E51-A1AC-46C7-B11B-FDD2DEE2D78A}.Debug|Any CPU.Build.0 = Debug|Any CPU
		{C4680E51-A1AC-46C7-B11B-FDD2DEE2D78A}.Release|Any CPU.ActiveCfg = Release|Any CPU
		{C4680E51-A1AC-46C7-B11B-FDD2DEE2D78A}.Release|Any CPU.Build.0 = Release|Any CPU
	EndGlobalSection
	GlobalSection(SolutionProperties) = preSolution
		HideSolutionNode = FALSE
	EndGlobalSection
	GlobalSection(ExtensibilityGlobals) = postSolution
		SolutionGuid = {DF463FFD-8BA9-45DE-BCB6-34E94979C5CE}
	EndGlobalSection
EndGlobal
